{
  "version": 1,
  "root": "root",
  "packages": [
    {
      "id": "git:795eb0d192b4efcf:4e0c13798c4ff0459ccb632b6edd9b8b07e5e6cb",
      "name": "sql",
      "git": "https://github.com/akonwi/ard-sql.git",
      "commit": "4e0c13798c4ff0459ccb632b6edd9b8b07e5e6cb",
      "requested": "4e0c13798c4ff0459ccb632b6edd9b8b07e5e6cb",
      "integrity": "sha256:296be2c930b15d14dc066e892b704985562e970d445843b2e28d54ef728f250f",
      "dependencies": {
        "decode": "git:c5125d0dd6cd13cc:c590f42ec43c5d362844925a8a978d64a1846c5c"
      }
    },
    {
      "id": "git:c5125d0dd6cd13cc:c590f42ec43c5d362844925a8a978d64a1846c5c",
      "name": "decode",
      "git": "https://github.com/akonwi/ard-decode.git",
      "commit": "c590f42ec43c5d362844925a8a978d64a1846c5c",
      "requested": "c590f42ec43c5d362844925a8a978d64a1846c5c",
      "integrity": "sha256:34ecc89cd4acaf0dc056d26f00ec7e570b294708e267f3b4042ab0f2d09fbbc1"
    },
    {
      "id": "root",
      "name": "migr",
      "path": ".",
      "dependencies": {
        "decode": "git:c5125d0dd6cd13cc:c590f42ec43c5d362844925a8a978d64a1846c5c",
        "sql": "git:795eb0d192b4efcf:4e0c13798c4ff0459ccb632b6edd9b8b07e5e6cb"
      }
    }
  ]
}
