{
  "version": 1,
  "root": "root",
  "packages": [
    {
      "id": "git:795eb0d192b4efcf:fcb7fa76dd4b5e56acbc1291b673c0b06491e0e2",
      "name": "sql",
      "git": "https://github.com/akonwi/ard-sql.git",
      "commit": "fcb7fa76dd4b5e56acbc1291b673c0b06491e0e2",
      "requested": "fcb7fa7",
      "integrity": "sha256:f87cfaf417bda59a5a52dde5fd9b798bcfe4bd8aa8ead3785b5d0310deada6da",
      "dependencies": {
        "decode": "git:c5125d0dd6cd13cc:0b5b24886f3a54a5a4cfb0ad4569c5d0e1120eb4"
      }
    },
    {
      "id": "git:c5125d0dd6cd13cc:0b5b24886f3a54a5a4cfb0ad4569c5d0e1120eb4",
      "name": "decode",
      "git": "https://github.com/akonwi/ard-decode.git",
      "commit": "0b5b24886f3a54a5a4cfb0ad4569c5d0e1120eb4",
      "requested": "0b5b248",
      "integrity": "sha256:837d8766ef916ab2e3f5331897032dde55edb1564807d4635d3db61d47293810"
    },
    {
      "id": "root",
      "name": "migr",
      "path": ".",
      "dependencies": {
        "decode": "git:c5125d0dd6cd13cc:0b5b24886f3a54a5a4cfb0ad4569c5d0e1120eb4",
        "sql": "git:795eb0d192b4efcf:fcb7fa76dd4b5e56acbc1291b673c0b06491e0e2"
      }
    }
  ]
}
